{
    "_meta": {
        "hash": {
            "sha256": "914ea46d99eeabb08bb6ea99feec849c1185feb4f33ed21a3431f89d8de207a5"
        },
        "pipfile-spec": 6,
        "requires": {
            "python_version": "3.10"
        },
        "sources": [
            {
                "name": "pypi",
                "url": "https://pypi.org/simple",
                "verify_ssl": true
            }
        ]
    },
    "default": {
        "async-timeout": {
            "hashes": [
                "sha256:2163e1640ddb52b7a8c80d0a67a08587e5d245cc9c553a74a847056bc2976b15",
                "sha256:8ca1e4fcf50d07413d66d1a5e416e42cfdf5851c981d679a09851a6853383b3c"
            ],
            "markers": "python_version < '3.11'",
            "version": "==4.0.2"
        },
        "ifaddr": {
            "hashes": [
                "sha256:085e0305cfe6f16ab12d72e2024030f5d52674afad6911bb1eee207177b8a748",
                "sha256:cc0cbfcaabf765d44595825fb96a99bb12c79716b73b44330ea38ee2b0c4aed4"
            ],
            "version": "==0.2.0"
        },
        "markdown-it-py": {
            "hashes": [
                "sha256:355216845c60bd96232cd8d8c40e8f9765cc86f46880e43a8fd22dc1a1a8cab1",
                "sha256:e3f60a94fa066dc52ec76661e37c851cb232d92f9886b15cb560aaada2df8feb"
            ],
            "markers": "python_version >= '3.8'",
            "version": "==3.0.0"
        },
        "mdurl": {
            "hashes": [
                "sha256:84008a41e51615a49fc9966191ff91509e3c40b939176e643fd50a5c2196b8f8",
                "sha256:bb413d29f5eea38f31dd4754dd7377d4465116fb207585f97bf925588687c1ba"
            ],
            "markers": "python_version >= '3.7'",
            "version": "==0.1.2"
        },
        "ply": {
            "hashes": [
                "sha256:00c7c1aaa88358b9c765b6d3000c6eec0ba42abca5351b095321aef446081da3",
                "sha256:096f9b8350b65ebd2fd1346b12452efe5b9607f7482813ffca50c22722a807ce"
            ],
            "version": "==3.11"
        },
        "pygments": {
            "hashes": [
                "sha256:8ace4d3c1dd481894b2005f560ead0f9f19ee64fe983366be1a21e171d12775c",
                "sha256:db2db3deb4b4179f399a09054b023b6a586b76499d36965813c71aa8ed7b5fd1"
            ],
            "markers": "python_version >= '3.7'",
            "version": "==2.15.1"
        },
        "rich": {
            "hashes": [
                "sha256:8f87bc7ee54675732fa66a05ebfe489e27264caeeff3728c945d25971b6485ec",
                "sha256:d653d6bccede5844304c605d5aac802c7cf9621efd700b46c7ec2b51ea914898"
            ],
            "index": "pypi",
            "version": "==13.4.2"
        },
        "robotpy-cppheaderparser": {
            "hashes": [
                "sha256:8f072411896f5c51445a62f5d06bbbd98aed43b84645c250ed5e6533392a6ccd",
                "sha256:b321106cc5e49d1f465328bfbdc312dbe4e0bb3146579b1b7d77587f795b18d4"
            ],
            "index": "pypi",
            "version": "==5.1.0"
        },
        "typing-extensions": {
            "hashes": [
                "sha256:440d5dd3af93b060174bf433bccd69b0babc3b15b1a8dca43789fd7f61514b36",
                "sha256:b75ddc264f0ba5615db7ba217daeb99701ad295353c45f9e95963337ceeeffb2"
            ],
            "markers": "python_version < '3.9'",
            "version": "==4.7.1"
        },
        "zeroconf": {
            "hashes": [
                "sha256:09c9244973f47778f5eeccd9bfa5d52088ac1f5c0bdb8e6cf0a48ae00d82bc0b",
                "sha256:0a5eb316d39441979676bdd91e4756884b65ef84fd7263614f17f6f640ad98f8",
                "sha256:13eaa5e29c426993b4d23f292f0c6a3bb66f604d43aa8fc411029b70560d12a1",
                "sha256:173966b3936d2c9a88a559683ee1aeee54ef4eb4e89beeeabb3eff1f0a1dcfde",
                "sha256:1e93b4c347c579e94de0df59f09f67ea4ca8709d846a9e2352729b89f72ba880",
                "sha256:32900ed13879a8ef4137741ea7226a4e233d19368ffe29491efe2548ecacf057",
                "sha256:3ad7e53ec7200bba3a17835c3f7fbd80a14d522ff25386b8179b336b284b3310",
                "sha256:3bf535d78b3a74c1a5852f38fce476278807ef306fae36d835a75f001290b44d",
                "sha256:3cc92a9db8abb42d0110f1fff67583e3c6487574376805c2bc52dad03e99d533",
                "sha256:3da265f896974d171b118005fce8d4207648b72b44b24b7952013d4580513330",
                "sha256:40ae063013ec4ddb055e17d9405b78bb617d9b374a46656cebab447a9fe7fbfe",
                "sha256:4d33f61fd6383a510894910f6f93d546037a354cfe30bc427407668aa1cfae2c",
                "sha256:5112cce6d66039f9dd358ef05f6a8b51870c2b9c5e8426f3663e1b3e5d5a0342",
                "sha256:55914ed4c9933f24e0275affeb9ccdfec75f1864749835fd77f833bfdf0dd9a3",
                "sha256:60cdb799f8c0112d475af855f26c9c8f954e63653e0a2c9c2afaef9214bf13cb",
                "sha256:63d4c34bcd7068fba29cd69578a82a9aa1808f656fad901a205ed3fd4f3ec8b6",
                "sha256:6a02ccf696d275e86d6d9635d490c8c4339a303b36f82a159c148e3ae041f373",
                "sha256:6c84f1c11a73e7b8e8c3f292dfa31c452638f79511f85b2af5037e108ce13fab",
                "sha256:70e3e792dedaf288bba96953d0b5a7ab2d330bc8540c48bfa75b016eff8e2bd2",
                "sha256:7c29bc9c56e8ba5b38905d9846cd047fcb4094e1baf8cf2684320e66a85f339c",
                "sha256:805d6f476994ee90191aec97dfa61f34dfe2d876a05b531f7cc1abea31933690",
                "sha256:834d80f7365c1c6b8a87091ebc57d4b5aa2c01fa0ded6d8afc72b485ad01204a",
                "sha256:83f37c5189504de406e7fe9d52588dbb686a48eb2e2c242144fac183a05e9c8e",
                "sha256:850a7cdea93d6e04439a727a2e39ee2a0304568caa103f99d2ebdea0212e8188",
                "sha256:85fdfe31069e98f35fbaf34b96065a55a5293d1908cef1c753d2ec6a62593b86",
                "sha256:85fe0855eb47bc293fc7a69cf2a1f90ac3984057249010ee40362674c6f56cd4",
                "sha256:8bb6a2b1911e2f439e6cea078e22c8fe7811dfb00b4b6ce8351460becb39705d",
                "sha256:8e02ee21c376d09532455f46231af8338a3fbc561879ab748304e9c2c24d8e3c",
                "sha256:8f7131a37714e97daf864a8e2cdf0ac4fd1598b9fc6f75c51672d3f8225c66fd",
                "sha256:92c0314d8ec9329a48da81279cf200873e4c91cc99814d1c3bc11701a64cfbce",
                "sha256:96350b9ab2d02e908859b470f387578ef7244922d287545328a59320868a34a6",
                "sha256:9bb660ae8b21862bee3650dc22252f78517ba500e4c4c16674474de9bf2f46bd",
                "sha256:a9b87f6911aab396b9cb1e6dac224a82d1dfbbcaa74d93f00c59351e2c76c1bd",
                "sha256:abb82168a99ffa2353429ebd95718f0a15c39fb0737ec1d9b1181c5fc35c2fa8",
                "sha256:ad098351c77b551284a4f80725992ba4c027173664a036726ff8c03de6ee7a59",
                "sha256:aecf8726d81a72cde6efbb742ea1c087ca97b0d1c025cdb9cd8d7956b97c1415",
                "sha256:b7988cd007052a0ae90689d39594a93db982a7da269347b663a6ecd2f9a0870f",
                "sha256:c0067318a3f63283bbf2c8136a2f0baec6409302ccca7253d2524accbd90b1c6",
                "sha256:c3040b3ad60f77fd29ca90b013c99aa7a0266eab9e4953106fc6f5fc8ba5641a",
                "sha256:c900bd2135b0920e30e6be736f706e86a59d871f030237e11f8252c83b9e6380",
                "sha256:ca43ba42e82a026c2ae9e429bd8143a3856451bf761c22519302c5a64dbc06ca",
                "sha256:d1639aaeff34ea96aa78d5414571db1210287b6ad212305cec14b2492f7ccdb0",
                "sha256:d1662cb9abd07cf9f0384f2afd1bef9dbbdc44d2689105eac8bc460601057706",
                "sha256:d52b5db50bd96bf1448e8a07d1d5dee9fb8ad06b4c750137f5c34d860c294cd2",
                "sha256:d818b7412591026c156f26f31402718da84d4fd1fe2b9218d8779b0739de0907",
                "sha256:d980e106b2741b5d9ab3d0ebd1d09e598281a6f8ba3fd8bd71c3ac3acde39144",
                "sha256:e52e574caac37856a503508a9dd24db5c77932a767083e66f021bbf65310a25f",
                "sha256:f54e8d710bf04bd6d2cceff4456d1443d0411df77d30def2fd42d12c2574873e",
                "sha256:fb6f4bb19aa270586e7aef0a4642eeeeae10165b87b9f7c1a010f3a34da8de20"
            ],
            "index": "pypi",
            "version": "==0.71.0"
        }
    },
    "develop": {}
}
